// !$*UTF8*$!
{
	archiveVersion = 1;
	classes = {
	};
	objectVersion = 50;
	objects = {

/* Begin PBXBuildFile section */
		2602E76620EA854D0076E7D4 /* AppDelegate.swift in Sources */ = {isa = PBXBuildFile; fileRef = 2602E76520EA854D0076E7D4 /* AppDelegate.swift */; };
		2602E76820EA854D0076E7D4 /* ViewController.swift in Sources */ = {isa = PBXBuildFile; fileRef = 2602E76720EA854D0076E7D4 /* ViewController.swift */; };
		2602E76A20EA854F0076E7D4 /* Assets.xcassets in Resources */ = {isa = PBXBuildFile; fileRef = 2602E76920EA854F0076E7D4 /* Assets.xcassets */; };
		2602E76D20EA854F0076E7D4 /* Main.storyboard in Resources */ = {isa = PBXBuildFile; fileRef = 2602E76B20EA854F0076E7D4 /* Main.storyboard */; };
		2634A87B20EB999C005EE970 /* Algo.swift in Sources */ = {isa = PBXBuildFile; fileRef = 2634A87A20EB999C005EE970 /* Algo.swift */; };
		2687292E20F348AB00F04924 /* File_Manager.c in Sources */ = {isa = PBXBuildFile; fileRef = 2687292D20F348AB00F04924 /* File_Manager.c */; };
		2687293020F4EDCE00F04924 /* Utilities.swift in Sources */ = {isa = PBXBuildFile; fileRef = 2687292F20F4EDCE00F04924 /* Utilities.swift */; };
		26A48F5320F20B90005951CF /* EssentialStrings in Resources */ = {isa = PBXBuildFile; fileRef = 26A48F5220F20B90005951CF /* EssentialStrings */; };
		26D9E2B220F1F64E008CDEF8 /* MainViewController.swift in Sources */ = {isa = PBXBuildFile; fileRef = 26D9E2B120F1F64E008CDEF8 /* MainViewController.swift */; };
/* End PBXBuildFile section */

/* Begin PBXFileReference section */
		2602E76220EA854D0076E7D4 /* Matrix-LaTeX-Generator.app */ = {isa = PBXFileReference; explicitFileType = wrapper.application; includeInIndex = 0; path = "Matrix-LaTeX-Generator.app"; sourceTree = BUILT_PRODUCTS_DIR; };
		2602E76520EA854D0076E7D4 /* AppDelegate.swift */ = {isa = PBXFileReference; lastKnownFileType = sourcecode.swift; path = AppDelegate.swift; sourceTree = "<group>"; };
		2602E76720EA854D0076E7D4 /* ViewController.swift */ = {isa = PBXFileReference; lastKnownFileType = sourcecode.swift; path = ViewController.swift; sourceTree = "<group>"; };
		2602E76920EA854F0076E7D4 /* Assets.xcassets */ = {isa = PBXFileReference; lastKnownFileType = folder.assetcatalog; path = Assets.xcassets; sourceTree = "<group>"; };
		2602E76C20EA854F0076E7D4 /* Base */ = {isa = PBXFileReference; lastKnownFileType = file.storyboard; name = Base; path = Base.lproj/Main.storyboard; sourceTree = "<group>"; };
		2602E76E20EA854F0076E7D4 /* Info.plist */ = {isa = PBXFileReference; lastKnownFileType = text.plist.xml; path = Info.plist; sourceTree = "<group>"; };
		2602E76F20EA854F0076E7D4 /* Matrix_LaTeX_Generator.entitlements */ = {isa = PBXFileReference; lastKnownFileType = text.plist.entitlements; path = Matrix_LaTeX_Generator.entitlements; sourceTree = "<group>"; };
		2634A87A20EB999C005EE970 /* Algo.swift */ = {isa = PBXFileReference; lastKnownFileType = sourcecode.swift; path = Algo.swift; sourceTree = "<group>"; };
		2634A87C20EB99C2005EE970 /* README.md */ = {isa = PBXFileReference; lastKnownFileType = net.daringfireball.markdown; path = README.md; sourceTree = "<group>"; };
		2687292B20F348AA00F04924 /* Matrix-LaTeX-Generator-Bridging-Header.h */ = {isa = PBXFileReference; lastKnownFileType = sourcecode.c.h; path = "Matrix-LaTeX-Generator-Bridging-Header.h"; sourceTree = "<group>"; };
		2687292C20F348AB00F04924 /* File_Manager.h */ = {isa = PBXFileReference; lastKnownFileType = sourcecode.c.h; path = File_Manager.h; sourceTree = "<group>"; };
		2687292D20F348AB00F04924 /* File_Manager.c */ = {isa = PBXFileReference; lastKnownFileType = sourcecode.c.c; path = File_Manager.c; sourceTree = "<group>"; };
		2687292F20F4EDCE00F04924 /* Utilities.swift */ = {isa = PBXFileReference; lastKnownFileType = sourcecode.swift; path = Utilities.swift; sourceTree = "<group>"; };
		2687293120F4FAD900F04924 /* Matrix-LaTeX-Generator.entitlements */ = {isa = PBXFileReference; lastKnownFileType = text.plist.entitlements; path = "Matrix-LaTeX-Generator.entitlements"; sourceTree = "<group>"; };
		26A48F5220F20B90005951CF /* EssentialStrings */ = {isa = PBXFileReference; lastKnownFileType = text; path = EssentialStrings; sourceTree = "<group>"; };
		26D9E2B120F1F64E008CDEF8 /* MainViewController.swift */ = {isa = PBXFileReference; lastKnownFileType = sourcecode.swift; path = MainViewController.swift; sourceTree = "<group>"; };
/* End PBXFileReference section */

/* Begin PBXFrameworksBuildPhase section */
		2602E75F20EA854D0076E7D4 /* Frameworks */ = {
			isa = PBXFrameworksBuildPhase;
			buildActionMask = 2147483647;
			files = (
			);
			runOnlyForDeploymentPostprocessing = 0;
		};
/* End PBXFrameworksBuildPhase section */

/* Begin PBXGroup section */
		2602E75920EA854D0076E7D4 = {
			isa = PBXGroup;
			children = (
				2687292B20F348AA00F04924 /* Matrix-LaTeX-Generator-Bridging-Header.h */,
				2687292C20F348AB00F04924 /* File_Manager.h */,
				2687292D20F348AB00F04924 /* File_Manager.c */,
				2602E76420EA854D0076E7D4 /* Matrix-LaTeX-Generator */,
				2602E76320EA854D0076E7D4 /* Products */,
			);
			sourceTree = "<group>";
		};
		2602E76320EA854D0076E7D4 /* Products */ = {
			isa = PBXGroup;
			children = (
				2602E76220EA854D0076E7D4 /* Matrix-LaTeX-Generator.app */,
			);
			name = Products;
			sourceTree = "<group>";
		};
		2602E76420EA854D0076E7D4 /* Matrix-LaTeX-Generator */ = {
			isa = PBXGroup;
			children = (
				2687293120F4FAD900F04924 /* Matrix-LaTeX-Generator.entitlements */,
				2602E76520EA854D0076E7D4 /* AppDelegate.swift */,
				2602E76720EA854D0076E7D4 /* ViewController.swift */,
				26D9E2B120F1F64E008CDEF8 /* MainViewController.swift */,
				2634A87A20EB999C005EE970 /* Algo.swift */,
				2687292F20F4EDCE00F04924 /* Utilities.swift */,
				26A48F5220F20B90005951CF /* EssentialStrings */,
				2634A87C20EB99C2005EE970 /* README.md */,
				2602E76920EA854F0076E7D4 /* Assets.xcassets */,
				2602E76B20EA854F0076E7D4 /* Main.storyboard */,
				2602E76E20EA854F0076E7D4 /* Info.plist */,
				2602E76F20EA854F0076E7D4 /* Matrix_LaTeX_Generator.entitlements */,
			);
			path = "Matrix-LaTeX-Generator";
			sourceTree = "<group>";
		};
/* End PBXGroup section */

/* Begin PBXNativeTarget section */
		2602E76120EA854D0076E7D4 /* Matrix-LaTeX-Generator */ = {
			isa = PBXNativeTarget;
			buildConfigurationList = 2602E77220EA854F0076E7D4 /* Build configuration list for PBXNativeTarget "Matrix-LaTeX-Generator" */;
			buildPhases = (
				2602E75E20EA854D0076E7D4 /* Sources */,
				2602E75F20EA854D0076E7D4 /* Frameworks */,
				2602E76020EA854D0076E7D4 /* Resources */,
			);
			buildRules = (
			);
			dependencies = (
			);
			name = "Matrix-LaTeX-Generator";
			productName = "Matrix-LaTeX-Generator";
			productReference = 2602E76220EA854D0076E7D4 /* Matrix-LaTeX-Generator.app */;
			productType = "com.apple.product-type.application";
		};
/* End PBXNativeTarget section */

/* Begin PBXProject section */
		2602E75A20EA854D0076E7D4 /* Project object */ = {
			isa = PBXProject;
			attributes = {
				LastSwiftUpdateCheck = 0940;
				LastUpgradeCheck = 0940;
				ORGANIZATIONNAME = chenguokai;
				TargetAttributes = {
					2602E76120EA854D0076E7D4 = {
						CreatedOnToolsVersion = 9.4.1;
						LastSwiftMigration = 1020;
						SystemCapabilities = {
							com.apple.Sandbox = {
								enabled = 1;
							};
						};
					};
				};
			};
			buildConfigurationList = 2602E75D20EA854D0076E7D4 /* Build configuration list for PBXProject "Matrix-LaTeX-Generator" */;
			compatibilityVersion = "Xcode 9.3";
			developmentRegion = en;
			hasScannedForEncodings = 0;
			knownRegions = (
				en,
				Base,
			);
			mainGroup = 2602E75920EA854D0076E7D4;
			productRefGroup = 2602E76320EA854D0076E7D4 /* Products */;
			projectDirPath = "";
			projectRoot = "";
			targets = (
				2602E76120EA854D0076E7D4 /* Matrix-LaTeX-Generator */,
			);
		};
/* End PBXProject section */

/* Begin PBXResourcesBuildPhase section */
		2602E76020EA854D0076E7D4 /* Resources */ = {
			isa = PBXResourcesBuildPhase;
			buildActionMask = 2147483647;
			files = (
				2602E76A20EA854F0076E7D4 /* Assets.xcassets in Resources */,
				2602E76D20EA854F0076E7D4 /* Main.storyboard in Resources */,
				26A48F5320F20B90005951CF /* EssentialStrings in Resources */,
			);
			runOnlyForDeploymentPostprocessing = 0;
		};
/* End PBXResourcesBuildPhase section */

/* Begin PBXSourcesBuildPhase section */
		2602E75E20EA854D0076E7D4 /* Sources */ = {
			isa = PBXSourcesBuildPhase;
			buildActionMask = 2147483647;
			files = (
				2687293020F4EDCE00F04924 /* Utilities.swift in Sources */,
				2634A87B20EB999C005EE970 /* Algo.swift in Sources */,
				2687292E20F348AB00F04924 /* File_Manager.c in Sources */,
				2602E76820EA854D0076E7D4 /* ViewController.swift in Sources */,
				2602E76620EA854D0076E7D4 /* AppDelegate.swift in Sources */,
				26D9E2B220F1F64E008CDEF8 /* MainViewController.swift in Sources */,
			);
			runOnlyForDeploymentPostprocessing = 0;
		};
/* End PBXSourcesBuildPhase section */

/* Begin PBXVariantGroup section */
		2602E76B20EA854F0076E7D4 /* Main.storyboard */ = {
			isa = PBXVariantGroup;
			children = (
				2602E76C20EA854F0076E7D4 /* Base */,
			);
			name = Main.storyboard;
			sourceTree = "<group>";
		};
/* End PBXVariantGroup section */

/* Begin XCBuildConfiguration section */
		2602E77020EA854F0076E7D4 /* Debug */ = {
			isa = XCBuildConfiguration;
			buildSettings = {
				ALWAYS_SEARCH_USER_PATHS = NO;
				CLANG_ANALYZER_NONNULL = YES;
				CLANG_ANALYZER_NUMBER_OBJECT_CONVERSION = YES_AGGRESSIVE;
				CLANG_CXX_LANGUAGE_STANDARD = "gnu++14";
				CLANG_CXX_LIBRARY = "libc++";
				CLANG_ENABLE_MODULES = YES;
				CLANG_ENABLE_OBJC_ARC = YES;
				CLANG_ENABLE_OBJC_WEAK = YES;
				CLANG_WARN_BLOCK_CAPTURE_AUTORELEASING = YES;
				CLANG_WARN_BOOL_CONVERSION = YES;
				CLANG_WARN_COMMA = YES;
				CLANG_WARN_CONSTANT_CONVERSION = YES;
				CLANG_WARN_DEPRECATED_OBJC_IMPLEMENTATIONS = YES;
				CLANG_WARN_DIRECT_OBJC_ISA_USAGE = YES_ERROR;
				CLANG_WARN_DOCUMENTATION_COMMENTS = YES;
				CLANG_WARN_EMPTY_BODY = YES;
				CLANG_WARN_ENUM_CONVERSION = YES;
				CLANG_WARN_INFINITE_RECURSION = YES;
				CLANG_WARN_INT_CONVERSION = YES;
				CLANG_WARN_NON_LITERAL_NULL_CONVERSION = YES;
				CLANG_WARN_OBJC_IMPLICIT_RETAIN_SELF = YES;
				CLANG_WARN_OBJC_LITERAL_CONVERSION = YES;
				CLANG_WARN_OBJC_ROOT_CLASS = YES_ERROR;
				CLANG_WARN_RANGE_LOOP_ANALYSIS = YES;
				CLANG_WARN_STRICT_PROTOTYPES = YES;
				CLANG_WARN_SUSPICIOUS_MOVE = YES;
				CLANG_WARN_UNGUARDED_AVAILABILITY = YES_AGGRESSIVE;
				CLANG_WARN_UNREACHABLE_CODE = YES;
				CLANG_WARN__DUPLICATE_METHOD_MATCH = YES;
				CODE_SIGN_IDENTITY = "Mac Developer";
				COPY_PHASE_STRIP = NO;
				DEBUG_INFORMATION_FORMAT = dwarf;
				ENABLE_STRICT_OBJC_MSGSEND = YES;
				ENABLE_TESTABILITY = YES;
				GCC_C_LANGUAGE_STANDARD = gnu11;
				GCC_DYNAMIC_NO_PIC = NO;
				GCC_NO_COMMON_BLOCKS = YES;
				GCC_OPTIMIZATION_LEVEL = 0;
				GCC_PREPROCESSOR_DEFINITIONS = (
					"DEBUG=1",
					"$(inherited)",
				);
				GCC_WARN_64_TO_32_BIT_CONVERSION = YES;
				GCC_WARN_ABOUT_RETURN_TYPE = YES_ERROR;
				GCC_WARN_UNDECLARED_SELECTOR = YES;
				GCC_WARN_UNINITIALIZED_AUTOS = YES_AGGRESSIVE;
				GCC_WARN_UNUSED_FUNCTION = YES;
				GCC_WARN_UNUSED_VARIABLE = YES;
				MACOSX_DEPLOYMENT_TARGET = 10.13;
				MTL_ENABLE_DEBUG_INFO = YES;
				ONLY_ACTIVE_ARCH = YES;
				SDKROOT = macosx;
				SWIFT_ACTIVE_COMPILATION_CONDITIONS = DEBUG;
				SWIFT_OPTIMIZATION_LEVEL = "-Onone";
			};
			name = Debug;
		};
		2602E77120EA854F0076E7D4 /* Release */ = {
			isa = XCBuildConfiguration;
			buildSettings = {
				ALWAYS_SEARCH_USER_PATHS = NO;
				CLANG_ANALYZER_NONNULL = YES;
				CLANG_ANALYZER_NUMBER_OBJECT_CONVERSION = YES_AGGRESSIVE;
				CLANG_CXX_LANGUAGE_STANDARD = "gnu++14";
				CLANG_CXX_LIBRARY = "libc++";
				CLANG_ENABLE_MODULES = YES;
				CLANG_ENABLE_OBJC_ARC = YES;
				CLANG_ENABLE_OBJC_WEAK = YES;
				CLANG_WARN_BLOCK_CAPTURE_AUTORELEASING = YES;
				CLANG_WARN_BOOL_CONVERSION = YES;
				CLANG_WARN_COMMA = YES;
				CLANG_WARN_CONSTANT_CONVERSION = YES;
				CLANG_WARN_DEPRECATED_OBJC_IMPLEMENTATIONS = YES;
				CLANG_WARN_DIRECT_OBJC_ISA_USAGE = YES_ERROR;
				CLANG_WARN_DOCUMENTATION_COMMENTS = YES;
				CLANG_WARN_EMPTY_BODY = YES;
				CLANG_WARN_ENUM_CONVERSION = YES;
				CLANG_WARN_INFINITE_RECURSION = YES;
				CLANG_WARN_INT_CONVERSION = YES;
				CLANG_WARN_NON_LITERAL_NULL_CONVERSION = YES;
				CLANG_WARN_OBJC_IMPLICIT_RETAIN_SELF = YES;
				CLANG_WARN_OBJC_LITERAL_CONVERSION = YES;
				CLANG_WARN_OBJC_ROOT_CLASS = YES_ERROR;
				CLANG_WARN_RANGE_LOOP_ANALYSIS = YES;
				CLANG_WARN_STRICT_PROTOTYPES = YES;
				CLANG_WARN_SUSPICIOUS_MOVE = YES;
				CLANG_WARN_UNGUARDED_AVAILABILITY = YES_AGGRESSIVE;
				CLANG_WARN_UNREACHABLE_CODE = YES;
				CLANG_WARN__DUPLICATE_METHOD_MATCH = YES;
				CODE_SIGN_IDENTITY = "Mac Developer";
				COPY_PHASE_STRIP = NO;
				DEBUG_INFORMATION_FORMAT = "dwarf-with-dsym";
				ENABLE_NS_ASSERTIONS = NO;
				ENABLE_STRICT_OBJC_MSGSEND = YES;
				GCC_C_LANGUAGE_STANDARD = gnu11;
				GCC_NO_COMMON_BLOCKS = YES;
				GCC_WARN_64_TO_32_BIT_CONVERSION = YES;
				GCC_WARN_ABOUT_RETURN_TYPE = YES_ERROR;
				GCC_WARN_UNDECLARED_SELECTOR = YES;
				GCC_WARN_UNINITIALIZED_AUTOS = YES_AGGRESSIVE;
				GCC_WARN_UNUSED_FUNCTION = YES;
				GCC_WARN_UNUSED_VARIABLE = YES;
				MACOSX_DEPLOYMENT_TARGET = 10.13;
				MTL_ENABLE_DEBUG_INFO = NO;
				SDKROOT = macosx;
				SWIFT_COMPILATION_MODE = wholemodule;
				SWIFT_OPTIMIZATION_LEVEL = "-O";
			};
			name = Release;
		};
		2602E77320EA854F0076E7D4 /* Debug */ = {
			isa = XCBuildConfiguration;
			buildSettings = {
				ASSETCATALOG_COMPILER_APPICON_NAME = AppIcon;
				CLANG_ENABLE_MODULES = YES;
				CODE_SIGN_ENTITLEMENTS = "Matrix-LaTeX-Generator/Matrix-LaTeX-Generator.entitlements";
				CODE_SIGN_STYLE = Automatic;
				COMBINE_HIDPI_IMAGES = YES;
				DEVELOPMENT_TEAM = 9B74EE253N;
				INFOPLIST_FILE = "Matrix-LaTeX-Generator/Info.plist";
				LD_RUNPATH_SEARCH_PATHS = (
					"$(inherited)",
					"@executable_path/../Frameworks",
				);
				MACOSX_DEPLOYMENT_TARGET = 10.12;
				PRODUCT_BUNDLE_IDENTIFIER = "Xim.Matrix-LaTeX-Generator";
				PRODUCT_NAME = "$(TARGET_NAME)";
				SWIFT_OBJC_BRIDGING_HEADER = "Matrix-LaTeX-Generator-Bridging-Header.h";
				SWIFT_OPTIMIZATION_LEVEL = "-Onone";
				SWIFT_VERSION = 5.0;
			};
			name = Debug;
		};
		2602E77420EA854F0076E7D4 /* Release */ = {
			isa = XCBuildConfiguration;
			buildSettings = {
				ASSETCATALOG_COMPILER_APPICON_NAME = AppIcon;
				CLANG_ENABLE_MODULES = YES;
				CODE_SIGN_ENTITLEMENTS = "Matrix-LaTeX-Generator/Matrix-LaTeX-Generator.entitlements";
				CODE_SIGN_STYLE = Automatic;
				COMBINE_HIDPI_IMAGES = YES;
				DEVELOPMENT_TEAM = 9B74EE253N;
				INFOPLIST_FILE = "Matrix-LaTeX-Generator/Info.plist";
				LD_RUNPATH_SEARCH_PATHS = (
					"$(inherited)",
					"@executable_path/../Frameworks",
				);
				MACOSX_DEPLOYMENT_TARGET = 10.12;
				PRODUCT_BUNDLE_IDENTIFIER = "Xim.Matrix-LaTeX-Generator";
				PRODUCT_NAME = "$(TARGET_NAME)";
				SWIFT_OBJC_BRIDGING_HEADER = "Matrix-LaTeX-Generator-Bridging-Header.h";
				SWIFT_VERSION = 5.0;
			};
			name = Release;
		};
/* End XCBuildConfiguration section */

/* Begin XCConfigurationList section */
		2602E75D20EA854D0076E7D4 /* Build configuration list for PBXProject "Matrix-LaTeX-Generator" */ = {
			isa = XCConfigurationList;
			buildConfigurations = (
				2602E77020EA854F0076E7D4 /* Debug */,
				2602E77120EA854F0076E7D4 /* Release */,
			);
			defaultConfigurationIsVisible = 0;
			defaultConfigurationName = Release;
		};
		2602E77220EA854F0076E7D4 /* Build configuration list for PBXNativeTarget "Matrix-LaTeX-Generator" */ = {
			isa = XCConfigurationList;
			buildConfigurations = (
				2602E77320EA854F0076E7D4 /* Debug */,
				2602E77420EA854F0076E7D4 /* Release */,
			);
			defaultConfigurationIsVisible = 0;
			defaultConfigurationName = Release;
		};
/* End XCConfigurationList section */
	};
	rootObject = 2602E75A20EA854D0076E7D4 /* Project object */;
}
